// !$*UTF8*$!
{
	archiveVersion = 1;
	classes = {
	};
	objectVersion = 50;
	objects = {

/* Begin PBXBuildFile section */
		4336A5C6232676DB00370338 /* README.md in Resources */ = {isa = PBXBuildFile; fileRef = 4336A5C5232676DB00370338 /* README.md */; };
		4336A5D8232685D900370338 /* Landmark.swift in Sources */ = {isa = PBXBuildFile; fileRef = 4336A5D6232685D900370338 /* Landmark.swift */; };
		4336A5D9232685D900370338 /* Data.swift in Sources */ = {isa = PBXBuildFile; fileRef = 4336A5D7232685D900370338 /* Data.swift */; };
		4336A5DF232685FF00370338 /* LandmarkList.swift in Sources */ = {isa = PBXBuildFile; fileRef = 4336A5DA232685FF00370338 /* LandmarkList.swift */; };
		4336A5E0232685FF00370338 /* LandmarkRow.swift in Sources */ = {isa = PBXBuildFile; fileRef = 4336A5DB232685FF00370338 /* LandmarkRow.swift */; };
		4336A5E1232685FF00370338 /* MapView.swift in Sources */ = {isa = PBXBuildFile; fileRef = 4336A5DC232685FF00370338 /* MapView.swift */; };
		4336A5E2232685FF00370338 /* LandmarkDetail.swift in Sources */ = {isa = PBXBuildFile; fileRef = 4336A5DD232685FF00370338 /* LandmarkDetail.swift */; };
		4336A5E3232685FF00370338 /* CircleImage.swift in Sources */ = {isa = PBXBuildFile; fileRef = 4336A5DE232685FF00370338 /* CircleImage.swift */; };
		4336A5F22326869700370338 /* twinlake.jpg in Resources */ = {isa = PBXBuildFile; fileRef = 4336A5E52326869600370338 /* twinlake.jpg */; };
		4336A5F32326869700370338 /* chilkoottrail.jpg in Resources */ = {isa = PBXBuildFile; fileRef = 4336A5E62326869600370338 /* chilkoottrail.jpg */; };
		4336A5F42326869700370338 /* turtlerock.jpg in Resources */ = {isa = PBXBuildFile; fileRef = 4336A5E72326869600370338 /* turtlerock.jpg */; };
		4336A5F52326869700370338 /* chincoteague.jpg in Resources */ = {isa = PBXBuildFile; fileRef = 4336A5E82326869600370338 /* chincoteague.jpg */; };
		4336A5F62326869700370338 /* silversalmoncreek.jpg in Resources */ = {isa = PBXBuildFile; fileRef = 4336A5E92326869600370338 /* silversalmoncreek.jpg */; };
		4336A5F72326869700370338 /* icybay.jpg in Resources */ = {isa = PBXBuildFile; fileRef = 4336A5EA2326869600370338 /* icybay.jpg */; };
		4336A5F82326869700370338 /* umbagog.jpg in Resources */ = {isa = PBXBuildFile; fileRef = 4336A5EB2326869700370338 /* umbagog.jpg */; };
		4336A5F92326869700370338 /* stmarylake.jpg in Resources */ = {isa = PBXBuildFile; fileRef = 4336A5EC2326869700370338 /* stmarylake.jpg */; };
		4336A5FA2326869700370338 /* rainbowlake.jpg in Resources */ = {isa = PBXBuildFile; fileRef = 4336A5ED2326869700370338 /* rainbowlake.jpg */; };
		4336A5FB2326869700370338 /* yukon_charleyrivers.jpg in Resources */ = {isa = PBXBuildFile; fileRef = 4336A5EE2326869700370338 /* yukon_charleyrivers.jpg */; };
		4336A5FC2326869700370338 /* hiddenlake.jpg in Resources */ = {isa = PBXBuildFile; fileRef = 4336A5EF2326869700370338 /* hiddenlake.jpg */; };
		4336A5FD2326869700370338 /* lakemcdonald.jpg in Resources */ = {isa = PBXBuildFile; fileRef = 4336A5F02326869700370338 /* lakemcdonald.jpg */; };
		4336A5FE2326869700370338 /* landmarkData.json in Resources */ = {isa = PBXBuildFile; fileRef = 4336A5F12326869700370338 /* landmarkData.json */; };
		43F8328F23267657009594D2 /* AppDelegate.swift in Sources */ = {isa = PBXBuildFile; fileRef = 43F8328E23267657009594D2 /* AppDelegate.swift */; };
		43F8329123267657009594D2 /* SceneDelegate.swift in Sources */ = {isa = PBXBuildFile; fileRef = 43F8329023267657009594D2 /* SceneDelegate.swift */; };
		43F8329523267658009594D2 /* Assets.xcassets in Resources */ = {isa = PBXBuildFile; fileRef = 43F8329423267658009594D2 /* Assets.xcassets */; };
		43F8329823267658009594D2 /* Preview Assets.xcassets in Resources */ = {isa = PBXBuildFile; fileRef = 43F8329723267658009594D2 /* Preview Assets.xcassets */; };
		43F8329B23267658009594D2 /* LaunchScreen.storyboard in Resources */ = {isa = PBXBuildFile; fileRef = 43F8329923267658009594D2 /* LaunchScreen.storyboard */; };
		43F832A623267658009594D2 /* LandmarksTests.swift in Sources */ = {isa = PBXBuildFile; fileRef = 43F832A523267658009594D2 /* LandmarksTests.swift */; };
		43F832B123267658009594D2 /* LandmarksUITests.swift in Sources */ = {isa = PBXBuildFile; fileRef = 43F832B023267658009594D2 /* LandmarksUITests.swift */; };
/* End PBXBuildFile section */

/* Begin PBXContainerItemProxy section */
		43F832A223267658009594D2 /* PBXContainerItemProxy */ = {
			isa = PBXContainerItemProxy;
			containerPortal = 43F8328323267657009594D2 /* Project object */;
			proxyType = 1;
			remoteGlobalIDString = 43F8328A23267657009594D2;
			remoteInfo = Landmarks;
		};
		43F832AD23267658009594D2 /* PBXContainerItemProxy */ = {
			isa = PBXContainerItemProxy;
			containerPortal = 43F8328323267657009594D2 /* Project object */;
			proxyType = 1;
			remoteGlobalIDString = 43F8328A23267657009594D2;
			remoteInfo = Landmarks;
		};
/* End PBXContainerItemProxy section */

/* Begin PBXFileReference section */
		4336A5C5232676DB00370338 /* README.md */ = {isa = PBXFileReference; fileEncoding = 4; lastKnownFileType = net.daringfireball.markdown; path = README.md; sourceTree = "<group>"; };
		4336A5D6232685D900370338 /* Landmark.swift */ = {isa = PBXFileReference; fileEncoding = 4; lastKnownFileType = sourcecode.swift; path = Landmark.swift; sourceTree = "<group>"; };
		4336A5D7232685D900370338 /* Data.swift */ = {isa = PBXFileReference; fileEncoding = 4; lastKnownFileType = sourcecode.swift; path = Data.swift; sourceTree = "<group>"; };
		4336A5DA232685FF00370338 /* LandmarkList.swift */ = {isa = PBXFileReference; fileEncoding = 4; lastKnownFileType = sourcecode.swift; path = LandmarkList.swift; sourceTree = "<group>"; };
		4336A5DB232685FF00370338 /* LandmarkRow.swift */ = {isa = PBXFileReference; fileEncoding = 4; lastKnownFileType = sourcecode.swift; path = LandmarkRow.swift; sourceTree = "<group>"; };
		4336A5DC232685FF00370338 /* MapView.swift */ = {isa = PBXFileReference; fileEncoding = 4; lastKnownFileType = sourcecode.swift; name = MapView.swift; path = "../../../_tmp/Landmarks/Landmarks/Supporting Views/MapView.swift"; sourceTree = "<group>"; };
		4336A5DD232685FF00370338 /* LandmarkDetail.swift */ = {isa = PBXFileReference; fileEncoding = 4; lastKnownFileType = sourcecode.swift; path = LandmarkDetail.swift; sourceTree = "<group>"; };
		4336A5DE232685FF00370338 /* CircleImage.swift */ = {isa = PBXFileReference; fileEncoding = 4; lastKnownFileType = sourcecode.swift; name = CircleImage.swift; path = "../../../_tmp/Landmarks/Landmarks/Supporting Views/CircleImage.swift"; sourceTree = "<group>"; };
		4336A5E52326869600370338 /* twinlake.jpg */ = {isa = PBXFileReference; lastKnownFileType = image.jpeg; path = twinlake.jpg; sourceTree = "<group>"; };
		4336A5E62326869600370338 /* chilkoottrail.jpg */ = {isa = PBXFileReference; lastKnownFileType = image.jpeg; path = chilkoottrail.jpg; sourceTree = "<group>"; };
		4336A5E72326869600370338 /* turtlerock.jpg */ = {isa = PBXFileReference; lastKnownFileType = image.jpeg; path = turtlerock.jpg; sourceTree = "<group>"; };
		4336A5E82326869600370338 /* chincoteague.jpg */ = {isa = PBXFileReference; lastKnownFileType = image.jpeg; path = chincoteague.jpg; sourceTree = "<group>"; };
		4336A5E92326869600370338 /* silversalmoncreek.jpg */ = {isa = PBXFileReference; lastKnownFileType = image.jpeg; path = silversalmoncreek.jpg; sourceTree = "<group>"; };
		4336A5EA2326869600370338 /* icybay.jpg */ = {isa = PBXFileReference; lastKnownFileType = image.jpeg; path = icybay.jpg; sourceTree = "<group>"; };
		4336A5EB2326869700370338 /* umbagog.jpg */ = {isa = PBXFileReference; lastKnownFileType = image.jpeg; path = umbagog.jpg; sourceTree = "<group>"; };
		4336A5EC2326869700370338 /* stmarylake.jpg */ = {isa = PBXFileReference; lastKnownFileType = image.jpeg; path = stmarylake.jpg; sourceTree = "<group>"; };
		4336A5ED2326869700370338 /* rainbowlake.jpg */ = {isa = PBXFileReference; lastKnownFileType = image.jpeg; path = rainbowlake.jpg; sourceTree = "<group>"; };
		4336A5EE2326869700370338 /* yukon_charleyrivers.jpg */ = {isa = PBXFileReference; lastKnownFileType = image.jpeg; path = yukon_charleyrivers.jpg; sourceTree = "<group>"; };
		4336A5EF2326869700370338 /* hiddenlake.jpg */ = {isa = PBXFileReference; lastKnownFileType = image.jpeg; path = hiddenlake.jpg; sourceTree = "<group>"; };
		4336A5F02326869700370338 /* lakemcdonald.jpg */ = {isa = PBXFileReference; lastKnownFileType = image.jpeg; path = lakemcdonald.jpg; sourceTree = "<group>"; };
		4336A5F12326869700370338 /* landmarkData.json */ = {isa = PBXFileReference; fileEncoding = 4; lastKnownFileType = text.json; path = landmarkData.json; sourceTree = "<group>"; };
		43F8328B23267657009594D2 /* Landmarks.app */ = {isa = PBXFileReference; explicitFileType = wrapper.application; includeInIndex = 0; path = Landmarks.app; sourceTree = BUILT_PRODUCTS_DIR; };
		43F8328E23267657009594D2 /* AppDelegate.swift */ = {isa = PBXFileReference; lastKnownFileType = sourcecode.swift; path = AppDelegate.swift; sourceTree = "<group>"; };
		43F8329023267657009594D2 /* SceneDelegate.swift */ = {isa = PBXFileReference; lastKnownFileType = sourcecode.swift; path = SceneDelegate.swift; sourceTree = "<group>"; };
		43F8329423267658009594D2 /* Assets.xcassets */ = {isa = PBXFileReference; lastKnownFileType = folder.assetcatalog; path = Assets.xcassets; sourceTree = "<group>"; };
		43F8329723267658009594D2 /* Preview Assets.xcassets */ = {isa = PBXFileReference; lastKnownFileType = folder.assetcatalog; path = "Preview Assets.xcassets"; sourceTree = "<group>"; };
		43F8329A23267658009594D2 /* Base */ = {isa = PBXFileReference; lastKnownFileType = file.storyboard; name = Base; path = Base.lproj/LaunchScreen.storyboard; sourceTree = "<group>"; };
		43F8329C23267658009594D2 /* Info.plist */ = {isa = PBXFileReference; lastKnownFileType = text.plist.xml; path = Info.plist; sourceTree = "<group>"; };
		43F832A123267658009594D2 /* LandmarksTests.xctest */ = {isa = PBXFileReference; explicitFileType = wrapper.cfbundle; includeInIndex = 0; path = LandmarksTests.xctest; sourceTree = BUILT_PRODUCTS_DIR; };
		43F832A523267658009594D2 /* LandmarksTests.swift */ = {isa = PBXFileReference; lastKnownFileType = sourcecode.swift; path = LandmarksTests.swift; sourceTree = "<group>"; };
		43F832A723267658009594D2 /* Info.plist */ = {isa = PBXFileReference; lastKnownFileType = text.plist.xml; path = Info.plist; sourceTree = "<group>"; };
		43F832AC23267658009594D2 /* LandmarksUITests.xctest */ = {isa = PBXFileReference; explicitFileType = wrapper.cfbundle; includeInIndex = 0; path = LandmarksUITests.xctest; sourceTree = BUILT_PRODUCTS_DIR; };
		43F832B023267658009594D2 /* LandmarksUITests.swift */ = {isa = PBXFileReference; lastKnownFileType = sourcecode.swift; path = LandmarksUITests.swift; sourceTree = "<group>"; };
		43F832B223267658009594D2 /* Info.plist */ = {isa = PBXFileReference; lastKnownFileType = text.plist.xml; path = Info.plist; sourceTree = "<group>"; };
/* End PBXFileReference section */

/* Begin PBXFrameworksBuildPhase section */
		43F8328823267657009594D2 /* Frameworks */ = {
			isa = PBXFrameworksBuildPhase;
			buildActionMask = 2147483647;
			files = (
			);
			runOnlyForDeploymentPostprocessing = 0;
		};
		43F8329E23267658009594D2 /* Frameworks */ = {
			isa = PBXFrameworksBuildPhase;
			buildActionMask = 2147483647;
			files = (
			);
			runOnlyForDeploymentPostprocessing = 0;
		};
		43F832A923267658009594D2 /* Frameworks */ = {
			isa = PBXFrameworksBuildPhase;
			buildActionMask = 2147483647;
			files = (
			);
			runOnlyForDeploymentPostprocessing = 0;
		};
/* End PBXFrameworksBuildPhase section */

/* Begin PBXGroup section */
		4336A5C7232682DB00370338 /* SupportingViews */ = {
			isa = PBXGroup;
			children = (
				4336A5DA232685FF00370338 /* LandmarkList.swift */,
				4336A5DD232685FF00370338 /* LandmarkDetail.swift */,
				4336A5DB232685FF00370338 /* LandmarkRow.swift */,
				4336A5DC232685FF00370338 /* MapView.swift */,
				4336A5DE232685FF00370338 /* CircleImage.swift */,
			);
			path = SupportingViews;
			sourceTree = "<group>";
		};
		4336A5D5232685C900370338 /* Models */ = {
			isa = PBXGroup;
			children = (
				4336A5D7232685D900370338 /* Data.swift */,
				4336A5D6232685D900370338 /* Landmark.swift */,
			);
			path = Models;
			sourceTree = "<group>";
		};
		4336A5E42326868400370338 /* Resources */ = {
			isa = PBXGroup;
			children = (
				4336A5E62326869600370338 /* chilkoottrail.jpg */,
				4336A5E82326869600370338 /* chincoteague.jpg */,
				4336A5EF2326869700370338 /* hiddenlake.jpg */,
				4336A5EA2326869600370338 /* icybay.jpg */,
				4336A5F02326869700370338 /* lakemcdonald.jpg */,
				4336A5F12326869700370338 /* landmarkData.json */,
				4336A5ED2326869700370338 /* rainbowlake.jpg */,
				4336A5E92326869600370338 /* silversalmoncreek.jpg */,
				4336A5EC2326869700370338 /* stmarylake.jpg */,
				4336A5E72326869600370338 /* turtlerock.jpg */,
				4336A5E52326869600370338 /* twinlake.jpg */,
				4336A5EB2326869700370338 /* umbagog.jpg */,
				4336A5EE2326869700370338 /* yukon_charleyrivers.jpg */,
			);
			path = Resources;
			sourceTree = "<group>";
		};
		43F8328223267657009594D2 = {
			isa = PBXGroup;
			children = (
				4336A5C5232676DB00370338 /* README.md */,
				43F8328D23267657009594D2 /* Landmarks */,
				43F832A423267658009594D2 /* LandmarksTests */,
				43F832AF23267658009594D2 /* LandmarksUITests */,
				43F8328C23267657009594D2 /* Products */,
			);
			sourceTree = "<group>";
		};
		43F8328C23267657009594D2 /* Products */ = {
			isa = PBXGroup;
			children = (
				43F8328B23267657009594D2 /* Landmarks.app */,
				43F832A123267658009594D2 /* LandmarksTests.xctest */,
				43F832AC23267658009594D2 /* LandmarksUITests.xctest */,
			);
			name = Products;
			sourceTree = "<group>";
		};
		43F8328D23267657009594D2 /* Landmarks */ = {
			isa = PBXGroup;
			children = (
				43F8328E23267657009594D2 /* AppDelegate.swift */,
				43F8329023267657009594D2 /* SceneDelegate.swift */,
				4336A5D5232685C900370338 /* Models */,
				4336A5C7232682DB00370338 /* SupportingViews */,
				4336A5E42326868400370338 /* Resources */,
				43F8329423267658009594D2 /* Assets.xcassets */,
				43F8329923267658009594D2 /* LaunchScreen.storyboard */,
				43F8329C23267658009594D2 /* Info.plist */,
				43F8329623267658009594D2 /* Preview Content */,
			);
			path = Landmarks;
			sourceTree = "<group>";
		};
		43F8329623267658009594D2 /* Preview Content */ = {
			isa = PBXGroup;
			children = (
				43F8329723267658009594D2 /* Preview Assets.xcassets */,
			);
			path = "Preview Content";
			sourceTree = "<group>";
		};
		43F832A423267658009594D2 /* LandmarksTests */ = {
			isa = PBXGroup;
			children = (
				43F832A523267658009594D2 /* LandmarksTests.swift */,
				43F832A723267658009594D2 /* Info.plist */,
			);
			path = LandmarksTests;
			sourceTree = "<group>";
		};
		43F832AF23267658009594D2 /* LandmarksUITests */ = {
			isa = PBXGroup;
			children = (
				43F832B023267658009594D2 /* LandmarksUITests.swift */,
				43F832B223267658009594D2 /* Info.plist */,
			);
			path = LandmarksUITests;
			sourceTree = "<group>";
		};
/* End PBXGroup section */

/* Begin PBXNativeTarget section */
		43F8328A23267657009594D2 /* Landmarks */ = {
			isa = PBXNativeTarget;
			buildConfigurationList = 43F832B523267658009594D2 /* Build configuration list for PBXNativeTarget "Landmarks" */;
			buildPhases = (
				43F8328723267657009594D2 /* Sources */,
				43F8328823267657009594D2 /* Frameworks */,
				43F8328923267657009594D2 /* Resources */,
			);
			buildRules = (
			);
			dependencies = (
			);
			name = Landmarks;
			productName = Landmarks;
			productReference = 43F8328B23267657009594D2 /* Landmarks.app */;
			productType = "com.apple.product-type.application";
		};
		43F832A023267658009594D2 /* LandmarksTests */ = {
			isa = PBXNativeTarget;
			buildConfigurationList = 43F832B823267658009594D2 /* Build configuration list for PBXNativeTarget "LandmarksTests" */;
			buildPhases = (
				43F8329D23267658009594D2 /* Sources */,
				43F8329E23267658009594D2 /* Frameworks */,
				43F8329F23267658009594D2 /* Resources */,
			);
			buildRules = (
			);
			dependencies = (
				43F832A323267658009594D2 /* PBXTargetDependency */,
			);
			name = LandmarksTests;
			productName = LandmarksTests;
			productReference = 43F832A123267658009594D2 /* LandmarksTests.xctest */;
			productType = "com.apple.product-type.bundle.unit-test";
		};
		43F832AB23267658009594D2 /* LandmarksUITests */ = {
			isa = PBXNativeTarget;
			buildConfigurationList = 43F832BB23267658009594D2 /* Build configuration list for PBXNativeTarget "LandmarksUITests" */;
			buildPhases = (
				43F832A823267658009594D2 /* Sources */,
				43F832A923267658009594D2 /* Frameworks */,
				43F832AA23267658009594D2 /* Resources */,
			);
			buildRules = (
			);
			dependencies = (
				43F832AE23267658009594D2 /* PBXTargetDependency */,
			);
			name = LandmarksUITests;
			productName = LandmarksUITests;
			productReference = 43F832AC23267658009594D2 /* LandmarksUITests.xctest */;
			productType = "com.apple.product-type.bundle.ui-testing";
		};
/* End PBXNativeTarget section */

/* Begin PBXProject section */
		43F8328323267657009594D2 /* Project object */ = {
			isa = PBXProject;
			attributes = {
				LastSwiftUpdateCheck = 1100;
				LastUpgradeCheck = 1100;
				ORGANIZATIONNAME = julio;
				TargetAttributes = {
					43F8328A23267657009594D2 = {
						CreatedOnToolsVersion = 11.0;
					};
					43F832A023267658009594D2 = {
						CreatedOnToolsVersion = 11.0;
						TestTargetID = 43F8328A23267657009594D2;
					};
					43F832AB23267658009594D2 = {
						CreatedOnToolsVersion = 11.0;
						TestTargetID = 43F8328A23267657009594D2;
					};
				};
			};
			buildConfigurationList = 43F8328623267657009594D2 /* Build configuration list for PBXProject "Landmarks" */;
			compatibilityVersion = "Xcode 9.3";
			developmentRegion = en;
			hasScannedForEncodings = 0;
			knownRegions = (
				en,
				Base,
			);
			mainGroup = 43F8328223267657009594D2;
			productRefGroup = 43F8328C23267657009594D2 /* Products */;
			projectDirPath = "";
			projectRoot = "";
			targets = (
				43F8328A23267657009594D2 /* Landmarks */,
				43F832A023267658009594D2 /* LandmarksTests */,
				43F832AB23267658009594D2 /* LandmarksUITests */,
			);
		};
/* End PBXProject section */

/* Begin PBXResourcesBuildPhase section */
		43F8328923267657009594D2 /* Resources */ = {
			isa = PBXResourcesBuildPhase;
			buildActionMask = 2147483647;
			files = (
				4336A5FB2326869700370338 /* yukon_charleyrivers.jpg in Resources */,
				43F8329B23267658009594D2 /* LaunchScreen.storyboard in Resources */,
				4336A5F32326869700370338 /* chilkoottrail.jpg in Resources */,
				4336A5FE2326869700370338 /* landmarkData.json in Resources */,
				4336A5F42326869700370338 /* turtlerock.jpg in Resources */,
				4336A5F62326869700370338 /* silversalmoncreek.jpg in Resources */,
				4336A5F22326869700370338 /* twinlake.jpg in Resources */,
				4336A5FA2326869700370338 /* rainbowlake.jpg in Resources */,
				43F8329823267658009594D2 /* Preview Assets.xcassets in Resources */,
				4336A5F92326869700370338 /* stmarylake.jpg in Resources */,
				4336A5C6232676DB00370338 /* README.md in Resources */,
				4336A5F52326869700370338 /* chincoteague.jpg in Resources */,
				4336A5F72326869700370338 /* icybay.jpg in Resources */,
				4336A5F82326869700370338 /* umbagog.jpg in Resources */,
				4336A5FC2326869700370338 /* hiddenlake.jpg in Resources */,
				4336A5FD2326869700370338 /* lakemcdonald.jpg in Resources */,
				43F8329523267658009594D2 /* Assets.xcassets in Resources */,
			);
			runOnlyForDeploymentPostprocessing = 0;
		};
		43F8329F23267658009594D2 /* Resources */ = {
			isa = PBXResourcesBuildPhase;
			buildActionMask = 2147483647;
			files = (
			);
			runOnlyForDeploymentPostprocessing = 0;
		};
		43F832AA23267658009594D2 /* Resources */ = {
			isa = PBXResourcesBuildPhase;
			buildActionMask = 2147483647;
			files = (
			);
			runOnlyForDeploymentPostprocessing = 0;
		};
/* End PBXResourcesBuildPhase section */

/* Begin PBXSourcesBuildPhase section */
		43F8328723267657009594D2 /* Sources */ = {
			isa = PBXSourcesBuildPhase;
			buildActionMask = 2147483647;
			files = (
				4336A5D9232685D900370338 /* Data.swift in Sources */,
				43F8328F23267657009594D2 /* AppDelegate.swift in Sources */,
				4336A5DF232685FF00370338 /* LandmarkList.swift in Sources */,
				43F8329123267657009594D2 /* SceneDelegate.swift in Sources */,
				4336A5E3232685FF00370338 /* CircleImage.swift in Sources */,
				4336A5E1232685FF00370338 /* MapView.swift in Sources */,
				4336A5D8232685D900370338 /* Landmark.swift in Sources */,
				4336A5E0232685FF00370338 /* LandmarkRow.swift in Sources */,
				4336A5E2232685FF00370338 /* LandmarkDetail.swift in Sources */,
			);
			runOnlyForDeploymentPostprocessing = 0;
		};
		43F8329D23267658009594D2 /* Sources */ = {
			isa = PBXSourcesBuildPhase;
			buildActionMask = 2147483647;
			files = (
				43F832A623267658009594D2 /* LandmarksTests.swift in Sources */,
			);
			runOnlyForDeploymentPostprocessing = 0;
		};
		43F832A823267658009594D2 /* Sources */ = {
			isa = PBXSourcesBuildPhase;
			buildActionMask = 2147483647;
			files = (
				43F832B123267658009594D2 /* LandmarksUITests.swift in Sources */,
			);
			runOnlyForDeploymentPostprocessing = 0;
		};
/* End PBXSourcesBuildPhase section */

/* Begin PBXTargetDependency section */
		43F832A323267658009594D2 /* PBXTargetDependency */ = {
			isa = PBXTargetDependency;
			target = 43F8328A23267657009594D2 /* Landmarks */;
			targetProxy = 43F832A223267658009594D2 /* PBXContainerItemProxy */;
		};
		43F832AE23267658009594D2 /* PBXTargetDependency */ = {
			isa = PBXTargetDependency;
			target = 43F8328A23267657009594D2 /* Landmarks */;
			targetProxy = 43F832AD23267658009594D2 /* PBXContainerItemProxy */;
		};
/* End PBXTargetDependency section */

/* Begin PBXVariantGroup section */
		43F8329923267658009594D2 /* LaunchScreen.storyboard */ = {
			isa = PBXVariantGroup;
			children = (
				43F8329A23267658009594D2 /* Base */,
			);
			name = LaunchScreen.storyboard;
			sourceTree = "<group>";
		};
/* End PBXVariantGroup section */

/* Begin XCBuildConfiguration section */
		43F832B323267658009594D2 /* Debug */ = {
			isa = XCBuildConfiguration;
			buildSettings = {
				ALWAYS_SEARCH_USER_PATHS = NO;
				CLANG_ANALYZER_NONNULL = YES;
				CLANG_ANALYZER_NUMBER_OBJECT_CONVERSION = YES_AGGRESSIVE;
				CLANG_CXX_LANGUAGE_STANDARD = "gnu++14";
				CLANG_CXX_LIBRARY = "libc++";
				CLANG_ENABLE_MODULES = YES;
				CLANG_ENABLE_OBJC_ARC = YES;
				CLANG_ENABLE_OBJC_WEAK = YES;
				CLANG_WARN_BLOCK_CAPTURE_AUTORELEASING = YES;
				CLANG_WARN_BOOL_CONVERSION = YES;
				CLANG_WARN_COMMA = YES;
				CLANG_WARN_CONSTANT_CONVERSION = YES;
				CLANG_WARN_DEPRECATED_OBJC_IMPLEMENTATIONS = YES;
				CLANG_WARN_DIRECT_OBJC_ISA_USAGE = YES_ERROR;
				CLANG_WARN_DOCUMENTATION_COMMENTS = YES;
				CLANG_WARN_EMPTY_BODY = YES;
				CLANG_WARN_ENUM_CONVERSION = YES;
				CLANG_WARN_INFINITE_RECURSION = YES;
				CLANG_WARN_INT_CONVERSION = YES;
				CLANG_WARN_NON_LITERAL_NULL_CONVERSION = YES;
				CLANG_WARN_OBJC_IMPLICIT_RETAIN_SELF = YES;
				CLANG_WARN_OBJC_LITERAL_CONVERSION = YES;
				CLANG_WARN_OBJC_ROOT_CLASS = YES_ERROR;
				CLANG_WARN_RANGE_LOOP_ANALYSIS = YES;
				CLANG_WARN_STRICT_PROTOTYPES = YES;
				CLANG_WARN_SUSPICIOUS_MOVE = YES;
				CLANG_WARN_UNGUARDED_AVAILABILITY = YES_AGGRESSIVE;
				CLANG_WARN_UNREACHABLE_CODE = YES;
				CLANG_WARN__DUPLICATE_METHOD_MATCH = YES;
				COPY_PHASE_STRIP = NO;
				DEBUG_INFORMATION_FORMAT = dwarf;
				ENABLE_STRICT_OBJC_MSGSEND = YES;
				ENABLE_TESTABILITY = YES;
				GCC_C_LANGUAGE_STANDARD = gnu11;
				GCC_DYNAMIC_NO_PIC = NO;
				GCC_NO_COMMON_BLOCKS = YES;
				GCC_OPTIMIZATION_LEVEL = 0;
				GCC_PREPROCESSOR_DEFINITIONS = (
					"DEBUG=1",
					"$(inherited)",
				);
				GCC_WARN_64_TO_32_BIT_CONVERSION = YES;
				GCC_WARN_ABOUT_RETURN_TYPE = YES_ERROR;
				GCC_WARN_UNDECLARED_SELECTOR = YES;
				GCC_WARN_UNINITIALIZED_AUTOS = YES_AGGRESSIVE;
				GCC_WARN_UNUSED_FUNCTION = YES;
				GCC_WARN_UNUSED_VARIABLE = YES;
				IPHONEOS_DEPLOYMENT_TARGET = 13.0;
				MTL_ENABLE_DEBUG_INFO = INCLUDE_SOURCE;
				MTL_FAST_MATH = YES;
				ONLY_ACTIVE_ARCH = YES;
				SDKROOT = iphoneos;
				SWIFT_ACTIVE_COMPILATION_CONDITIONS = DEBUG;
				SWIFT_OPTIMIZATION_LEVEL = "-Onone";
			};
			name = Debug;
		};
		43F832B423267658009594D2 /* Release */ = {
			isa = XCBuildConfiguration;
			buildSettings = {
				ALWAYS_SEARCH_USER_PATHS = NO;
				CLANG_ANALYZER_NONNULL = YES;
				CLANG_ANALYZER_NUMBER_OBJECT_CONVERSION = YES_AGGRESSIVE;
				CLANG_CXX_LANGUAGE_STANDARD = "gnu++14";
				CLANG_CXX_LIBRARY = "libc++";
				CLANG_ENABLE_MODULES = YES;
				CLANG_ENABLE_OBJC_ARC = YES;
				CLANG_ENABLE_OBJC_WEAK = YES;
				CLANG_WARN_BLOCK_CAPTURE_AUTORELEASING = YES;
				CLANG_WARN_BOOL_CONVERSION = YES;
				CLANG_WARN_COMMA = YES;
				CLANG_WARN_CONSTANT_CONVERSION = YES;
				CLANG_WARN_DEPRECATED_OBJC_IMPLEMENTATIONS = YES;
				CLANG_WARN_DIRECT_OBJC_ISA_USAGE = YES_ERROR;
				CLANG_WARN_DOCUMENTATION_COMMENTS = YES;
				CLANG_WARN_EMPTY_BODY = YES;
				CLANG_WARN_ENUM_CONVERSION = YES;
				CLANG_WARN_INFINITE_RECURSION = YES;
				CLANG_WARN_INT_CONVERSION = YES;
				CLANG_WARN_NON_LITERAL_NULL_CONVERSION = YES;
				CLANG_WARN_OBJC_IMPLICIT_RETAIN_SELF = YES;
				CLANG_WARN_OBJC_LITERAL_CONVERSION = YES;
				CLANG_WARN_OBJC_ROOT_CLASS = YES_ERROR;
				CLANG_WARN_RANGE_LOOP_ANALYSIS = YES;
				CLANG_WARN_STRICT_PROTOTYPES = YES;
				CLANG_WARN_SUSPICIOUS_MOVE = YES;
				CLANG_WARN_UNGUARDED_AVAILABILITY = YES_AGGRESSIVE;
				CLANG_WARN_UNREACHABLE_CODE = YES;
				CLANG_WARN__DUPLICATE_METHOD_MATCH = YES;
				COPY_PHASE_STRIP = NO;
				DEBUG_INFORMATION_FORMAT = "dwarf-with-dsym";
				ENABLE_NS_ASSERTIONS = NO;
				ENABLE_STRICT_OBJC_MSGSEND = YES;
				GCC_C_LANGUAGE_STANDARD = gnu11;
				GCC_NO_COMMON_BLOCKS = YES;
				GCC_WARN_64_TO_32_BIT_CONVERSION = YES;
				GCC_WARN_ABOUT_RETURN_TYPE = YES_ERROR;
				GCC_WARN_UNDECLARED_SELECTOR = YES;
				GCC_WARN_UNINITIALIZED_AUTOS = YES_AGGRESSIVE;
				GCC_WARN_UNUSED_FUNCTION = YES;
				GCC_WARN_UNUSED_VARIABLE = YES;
				IPHONEOS_DEPLOYMENT_TARGET = 13.0;
				MTL_ENABLE_DEBUG_INFO = NO;
				MTL_FAST_MATH = YES;
				SDKROOT = iphoneos;
				SWIFT_COMPILATION_MODE = wholemodule;
				SWIFT_OPTIMIZATION_LEVEL = "-O";
				VALIDATE_PRODUCT = YES;
			};
			name = Release;
		};
		43F832B623267658009594D2 /* Debug */ = {
			isa = XCBuildConfiguration;
			buildSettings = {
				ASSETCATALOG_COMPILER_APPICON_NAME = AppIcon;
				CODE_SIGN_STYLE = Automatic;
				DEVELOPMENT_ASSET_PATHS = "\"Landmarks/Preview Content\"";
				ENABLE_PREVIEWS = YES;
				INFOPLIST_FILE = Landmarks/Info.plist;
				LD_RUNPATH_SEARCH_PATHS = (
					"$(inherited)",
					"@executable_path/Frameworks",
				);
				PRODUCT_BUNDLE_IDENTIFIER = com.site11.jugomo.Landmarks;
				PRODUCT_NAME = "$(TARGET_NAME)";
				SWIFT_VERSION = 5.0;
				TARGETED_DEVICE_FAMILY = "1,2";
			};
			name = Debug;
		};
		43F832B723267658009594D2 /* Release */ = {
			isa = XCBuildConfiguration;
			buildSettings = {
				ASSETCATALOG_COMPILER_APPICON_NAME = AppIcon;
				CODE_SIGN_STYLE = Automatic;
				DEVELOPMENT_ASSET_PATHS = "\"Landmarks/Preview Content\"";
				ENABLE_PREVIEWS = YES;
				INFOPLIST_FILE = Landmarks/Info.plist;
				LD_RUNPATH_SEARCH_PATHS = (
					"$(inherited)",
					"@executable_path/Frameworks",
				);
				PRODUCT_BUNDLE_IDENTIFIER = com.site11.jugomo.Landmarks;
				PRODUCT_NAME = "$(TARGET_NAME)";
				SWIFT_VERSION = 5.0;
				TARGETED_DEVICE_FAMILY = "1,2";
			};
			name = Release;
		};
		43F832B923267658009594D2 /* Debug */ = {
			isa = XCBuildConfiguration;
			buildSettings = {
				ALWAYS_EMBED_SWIFT_STANDARD_LIBRARIES = YES;
				BUNDLE_LOADER = "$(TEST_HOST)";
				CODE_SIGN_STYLE = Automatic;
				INFOPLIST_FILE = LandmarksTests/Info.plist;
				IPHONEOS_DEPLOYMENT_TARGET = 13.0;
				LD_RUNPATH_SEARCH_PATHS = (
					"$(inherited)",
					"@executable_path/Frameworks",
					"@loader_path/Frameworks",
				);
				PRODUCT_BUNDLE_IDENTIFIER = com.site11.jugomo.LandmarksTests;
				PRODUCT_NAME = "$(TARGET_NAME)";
				SWIFT_VERSION = 5.0;
				TARGETED_DEVICE_FAMILY = "1,2";
				TEST_HOST = "$(BUILT_PRODUCTS_DIR)/Landmarks.app/Landmarks";
			};
			name = Debug;
		};
		43F832BA23267658009594D2 /* Release */ = {
			isa = XCBuildConfiguration;
			buildSettings = {
				ALWAYS_EMBED_SWIFT_STANDARD_LIBRARIES = YES;
				BUNDLE_LOADER = "$(TEST_HOST)";
				CODE_SIGN_STYLE = Automatic;
				INFOPLIST_FILE = LandmarksTests/Info.plist;
				IPHONEOS_DEPLOYMENT_TARGET = 13.0;
				LD_RUNPATH_SEARCH_PATHS = (
					"$(inherited)",
					"@executable_path/Frameworks",
					"@loader_path/Frameworks",
				);
				PRODUCT_BUNDLE_IDENTIFIER = com.site11.jugomo.LandmarksTests;
				PRODUCT_NAME = "$(TARGET_NAME)";
				SWIFT_VERSION = 5.0;
				TARGETED_DEVICE_FAMILY = "1,2";
				TEST_HOST = "$(BUILT_PRODUCTS_DIR)/Landmarks.app/Landmarks";
			};
			name = Release;
		};
		43F832BC23267658009594D2 /* Debug */ = {
			isa = XCBuildConfiguration;
			buildSettings = {
				ALWAYS_EMBED_SWIFT_STANDARD_LIBRARIES = YES;
				CODE_SIGN_STYLE = Automatic;
				INFOPLIST_FILE = LandmarksUITests/Info.plist;
				LD_RUNPATH_SEARCH_PATHS = (
					"$(inherited)",
					"@executable_path/Frameworks",
					"@loader_path/Frameworks",
				);
				PRODUCT_BUNDLE_IDENTIFIER = com.site11.jugomo.LandmarksUITests;
				PRODUCT_NAME = "$(TARGET_NAME)";
				SWIFT_VERSION = 5.0;
				TARGETED_DEVICE_FAMILY = "1,2";
				TEST_TARGET_NAME = Landmarks;
			};
			name = Debug;
		};
		43F832BD23267658009594D2 /* Release */ = {
			isa = XCBuildConfiguration;
			buildSettings = {
				ALWAYS_EMBED_SWIFT_STANDARD_LIBRARIES = YES;
				CODE_SIGN_STYLE = Automatic;
				INFOPLIST_FILE = LandmarksUITests/Info.plist;
				LD_RUNPATH_SEARCH_PATHS = (
					"$(inherited)",
					"@executable_path/Frameworks",
					"@loader_path/Frameworks",
				);
				PRODUCT_BUNDLE_IDENTIFIER = com.site11.jugomo.LandmarksUITests;
				PRODUCT_NAME = "$(TARGET_NAME)";
				SWIFT_VERSION = 5.0;
				TARGETED_DEVICE_FAMILY = "1,2";
				TEST_TARGET_NAME = Landmarks;
			};
			name = Release;
		};
/* End XCBuildConfiguration section */

/* Begin XCConfigurationList section */
		43F8328623267657009594D2 /* Build configuration list for PBXProject "Landmarks" */ = {
			isa = XCConfigurationList;
			buildConfigurations = (
				43F832B323267658009594D2 /* Debug */,
				43F832B423267658009594D2 /* Release */,
			);
			defaultConfigurationIsVisible = 0;
			defaultConfigurationName = Release;
		};
		43F832B523267658009594D2 /* Build configuration list for PBXNativeTarget "Landmarks" */ = {
			isa = XCConfigurationList;
			buildConfigurations = (
				43F832B623267658009594D2 /* Debug */,
				43F832B723267658009594D2 /* Release */,
			);
			defaultConfigurationIsVisible = 0;
			defaultConfigurationName = Release;
		};
		43F832B823267658009594D2 /* Build configuration list for PBXNativeTarget "LandmarksTests" */ = {
			isa = XCConfigurationList;
			buildConfigurations = (
				43F832B923267658009594D2 /* Debug */,
				43F832BA23267658009594D2 /* Release */,
			);
			defaultConfigurationIsVisible = 0;
			defaultConfigurationName = Release;
		};
		43F832BB23267658009594D2 /* Build configuration list for PBXNativeTarget "LandmarksUITests" */ = {
			isa = XCConfigurationList;
			buildConfigurations = (
				43F832BC23267658009594D2 /* Debug */,
				43F832BD23267658009594D2 /* Release */,
			);
			defaultConfigurationIsVisible = 0;
			defaultConfigurationName = Release;
		};
/* End XCConfigurationList section */
	};
	rootObject = 43F8328323267657009594D2 /* Project object */;
}
