// !$*UTF8*$!
{
	archiveVersion = 1;
	classes = {
	};
	objectVersion = 55;
	objects = {

/* Begin PBXBuildFile section */
		43186FF527CF5F1F004FEBCD /* PageViewController.swift in Sources */ = {isa = PBXBuildFile; fileRef = 43186FF427CF5F1F004FEBCD /* PageViewController.swift */; };
		43186FF727CF6593004FEBCD /* FeatureCard.swift in Sources */ = {isa = PBXBuildFile; fileRef = 43186FF627CF6593004FEBCD /* FeatureCard.swift */; };
		431B1A8327C662B8008AECDF /* CircleImage.swift in Sources */ = {isa = PBXBuildFile; fileRef = 431B1A8227C662B8008AECDF /* CircleImage.swift */; };
		431B1A8527C664EC008AECDF /* MapView.swift in Sources */ = {isa = PBXBuildFile; fileRef = 431B1A8427C664EC008AECDF /* MapView.swift */; };
		431B1A8727C67740008AECDF /* landmarkData.json in Resources */ = {isa = PBXBuildFile; fileRef = 431B1A8627C67740008AECDF /* landmarkData.json */; };
		431B1A8927C67763008AECDF /* Landmark.swift in Sources */ = {isa = PBXBuildFile; fileRef = 431B1A8827C67763008AECDF /* Landmark.swift */; };
		431B1A8B27C679BD008AECDF /* ModelData.swift in Sources */ = {isa = PBXBuildFile; fileRef = 431B1A8A27C679BD008AECDF /* ModelData.swift */; };
		431B1A9027C68012008AECDF /* LandmarkRow.swift in Sources */ = {isa = PBXBuildFile; fileRef = 431B1A8F27C68012008AECDF /* LandmarkRow.swift */; };
		431B1A9227C6840A008AECDF /* LandmarkList.swift in Sources */ = {isa = PBXBuildFile; fileRef = 431B1A9127C6840A008AECDF /* LandmarkList.swift */; };
		431B1A9427C68616008AECDF /* LandmarkDetail.swift in Sources */ = {isa = PBXBuildFile; fileRef = 431B1A9327C68616008AECDF /* LandmarkDetail.swift */; };
		43350FEF27C78126006D8024 /* FavouriteButton.swift in Sources */ = {isa = PBXBuildFile; fileRef = 43350FEE27C78126006D8024 /* FavouriteButton.swift */; };
		43350FF327C795D7006D8024 /* HexagonParameters.swift in Sources */ = {isa = PBXBuildFile; fileRef = 43350FF227C795D7006D8024 /* HexagonParameters.swift */; };
		43350FF527C798B2006D8024 /* BadgeBackground.swift in Sources */ = {isa = PBXBuildFile; fileRef = 43350FF427C798B2006D8024 /* BadgeBackground.swift */; };
		43350FF727C7B09C006D8024 /* BadgeSymbol.swift in Sources */ = {isa = PBXBuildFile; fileRef = 43350FF627C7B09C006D8024 /* BadgeSymbol.swift */; };
		4375027227CFA7A9001829C2 /* Navigate.swift in Sources */ = {isa = PBXBuildFile; fileRef = 4375027127CFA7A9001829C2 /* Navigate.swift */; };
		437ACEFC27CE0CF6006EA767 /* CategoryItem.swift in Sources */ = {isa = PBXBuildFile; fileRef = 437ACEFB27CE0CF6006EA767 /* CategoryItem.swift */; };
		43B9A67A27C6450F00AACA6E /* LandmarksApp.swift in Sources */ = {isa = PBXBuildFile; fileRef = 43B9A67927C6450E00AACA6E /* LandmarksApp.swift */; };
		43B9A67C27C6450F00AACA6E /* ContentView.swift in Sources */ = {isa = PBXBuildFile; fileRef = 43B9A67B27C6450F00AACA6E /* ContentView.swift */; };
		43B9A67E27C6452900AACA6E /* Assets.xcassets in Resources */ = {isa = PBXBuildFile; fileRef = 43B9A67D27C6452900AACA6E /* Assets.xcassets */; };
		43B9A68127C6452900AACA6E /* Preview Assets.xcassets in Resources */ = {isa = PBXBuildFile; fileRef = 43B9A68027C6452900AACA6E /* Preview Assets.xcassets */; };
		43D19E7727CF6B56007F28F3 /* PageView.swift in Sources */ = {isa = PBXBuildFile; fileRef = 43D19E7627CF6B56007F28F3 /* PageView.swift */; };
		43D19E7927CF863E007F28F3 /* PageControl.swift in Sources */ = {isa = PBXBuildFile; fileRef = 43D19E7827CF863E007F28F3 /* PageControl.swift */; };
		43E5385227C7B82300B3A1A8 /* RotatedBadgeSymbol.swift in Sources */ = {isa = PBXBuildFile; fileRef = 43E5385127C7B82300B3A1A8 /* RotatedBadgeSymbol.swift */; };
		43E5385527C7BB4F00B3A1A8 /* Badge.swift in Sources */ = {isa = PBXBuildFile; fileRef = 43E5385427C7BB4F00B3A1A8 /* Badge.swift */; };
		43E5385727C7C79300B3A1A8 /* hikeData.json in Resources */ = {isa = PBXBuildFile; fileRef = 43E5385627C7C79300B3A1A8 /* hikeData.json */; };
		43E5385927C7C81D00B3A1A8 /* Hike.swift in Sources */ = {isa = PBXBuildFile; fileRef = 43E5385827C7C81D00B3A1A8 /* Hike.swift */; };
		43E5386127C7CADB00B3A1A8 /* GraphCapsule.swift in Sources */ = {isa = PBXBuildFile; fileRef = 43E5385D27C7CADB00B3A1A8 /* GraphCapsule.swift */; };
		43E5386227C7CADB00B3A1A8 /* HikeGraph.swift in Sources */ = {isa = PBXBuildFile; fileRef = 43E5385E27C7CADB00B3A1A8 /* HikeGraph.swift */; };
		43E5386327C7CADB00B3A1A8 /* HikeDetail.swift in Sources */ = {isa = PBXBuildFile; fileRef = 43E5385F27C7CADB00B3A1A8 /* HikeDetail.swift */; };
		43E5386427C7CADB00B3A1A8 /* HikeView.swift in Sources */ = {isa = PBXBuildFile; fileRef = 43E5386027C7CADB00B3A1A8 /* HikeView.swift */; };
		43E5386727C7DE3F00B3A1A8 /* CategoryHome.swift in Sources */ = {isa = PBXBuildFile; fileRef = 43E5386627C7DE3F00B3A1A8 /* CategoryHome.swift */; };
		43E5386927C7E29300B3A1A8 /* CategoryRow.swift in Sources */ = {isa = PBXBuildFile; fileRef = 43E5386827C7E29300B3A1A8 /* CategoryRow.swift */; };
		43EC88EC27CE583000F1135D /* Profile.swift in Sources */ = {isa = PBXBuildFile; fileRef = 43EC88EB27CE583000F1135D /* Profile.swift */; };
		43EC88EF27CE5AE900F1135D /* ProfileHost.swift in Sources */ = {isa = PBXBuildFile; fileRef = 43EC88EE27CE5AE900F1135D /* ProfileHost.swift */; };
		43EC88F127CE5B7500F1135D /* ProfileSummary.swift in Sources */ = {isa = PBXBuildFile; fileRef = 43EC88F027CE5B7500F1135D /* ProfileSummary.swift */; };
		43EC88F327CE5E3F00F1135D /* HikeBadge.swift in Sources */ = {isa = PBXBuildFile; fileRef = 43EC88F227CE5E3F00F1135D /* HikeBadge.swift */; };
		43EC88F527CE6FDA00F1135D /* ProfileEditor.swift in Sources */ = {isa = PBXBuildFile; fileRef = 43EC88F427CE6FDA00F1135D /* ProfileEditor.swift */; };
/* End PBXBuildFile section */

/* Begin PBXFileReference section */
		43186FF427CF5F1F004FEBCD /* PageViewController.swift */ = {isa = PBXFileReference; lastKnownFileType = sourcecode.swift; path = PageViewController.swift; sourceTree = "<group>"; };
		43186FF627CF6593004FEBCD /* FeatureCard.swift */ = {isa = PBXFileReference; lastKnownFileType = sourcecode.swift; path = FeatureCard.swift; sourceTree = "<group>"; };
		431B1A8227C662B8008AECDF /* CircleImage.swift */ = {isa = PBXFileReference; lastKnownFileType = sourcecode.swift; path = CircleImage.swift; sourceTree = "<group>"; };
		431B1A8427C664EC008AECDF /* MapView.swift */ = {isa = PBXFileReference; lastKnownFileType = sourcecode.swift; path = MapView.swift; sourceTree = "<group>"; };
		431B1A8627C67740008AECDF /* landmarkData.json */ = {isa = PBXFileReference; fileEncoding = 4; lastKnownFileType = text.json; path = landmarkData.json; sourceTree = "<group>"; };
		431B1A8827C67763008AECDF /* Landmark.swift */ = {isa = PBXFileReference; lastKnownFileType = sourcecode.swift; path = Landmark.swift; sourceTree = "<group>"; };
		431B1A8A27C679BD008AECDF /* ModelData.swift */ = {isa = PBXFileReference; lastKnownFileType = sourcecode.swift; path = ModelData.swift; sourceTree = "<group>"; };
		431B1A8F27C68012008AECDF /* LandmarkRow.swift */ = {isa = PBXFileReference; lastKnownFileType = sourcecode.swift; path = LandmarkRow.swift; sourceTree = "<group>"; };
		431B1A9127C6840A008AECDF /* LandmarkList.swift */ = {isa = PBXFileReference; lastKnownFileType = sourcecode.swift; path = LandmarkList.swift; sourceTree = "<group>"; };
		431B1A9327C68616008AECDF /* LandmarkDetail.swift */ = {isa = PBXFileReference; lastKnownFileType = sourcecode.swift; path = LandmarkDetail.swift; sourceTree = "<group>"; };
		43350FEE27C78126006D8024 /* FavouriteButton.swift */ = {isa = PBXFileReference; lastKnownFileType = sourcecode.swift; path = FavouriteButton.swift; sourceTree = "<group>"; };
		43350FF227C795D7006D8024 /* HexagonParameters.swift */ = {isa = PBXFileReference; lastKnownFileType = sourcecode.swift; path = HexagonParameters.swift; sourceTree = "<group>"; };
		43350FF427C798B2006D8024 /* BadgeBackground.swift */ = {isa = PBXFileReference; lastKnownFileType = sourcecode.swift; path = BadgeBackground.swift; sourceTree = "<group>"; };
		43350FF627C7B09C006D8024 /* BadgeSymbol.swift */ = {isa = PBXFileReference; lastKnownFileType = sourcecode.swift; path = BadgeSymbol.swift; sourceTree = "<group>"; };
		4375027127CFA7A9001829C2 /* Navigate.swift */ = {isa = PBXFileReference; lastKnownFileType = sourcecode.swift; path = Navigate.swift; sourceTree = "<group>"; };
		437ACEFB27CE0CF6006EA767 /* CategoryItem.swift */ = {isa = PBXFileReference; lastKnownFileType = sourcecode.swift; path = CategoryItem.swift; sourceTree = "<group>"; };
		43B9A67627C6450E00AACA6E /* Landmarks.app */ = {isa = PBXFileReference; explicitFileType = wrapper.application; includeInIndex = 0; path = Landmarks.app; sourceTree = BUILT_PRODUCTS_DIR; };
		43B9A67927C6450E00AACA6E /* LandmarksApp.swift */ = {isa = PBXFileReference; lastKnownFileType = sourcecode.swift; path = LandmarksApp.swift; sourceTree = "<group>"; };
		43B9A67B27C6450F00AACA6E /* ContentView.swift */ = {isa = PBXFileReference; lastKnownFileType = sourcecode.swift; path = ContentView.swift; sourceTree = "<group>"; };
		43B9A67D27C6452900AACA6E /* Assets.xcassets */ = {isa = PBXFileReference; lastKnownFileType = folder.assetcatalog; path = Assets.xcassets; sourceTree = "<group>"; };
		43B9A68027C6452900AACA6E /* Preview Assets.xcassets */ = {isa = PBXFileReference; lastKnownFileType = folder.assetcatalog; path = "Preview Assets.xcassets"; sourceTree = "<group>"; };
		43D19E7627CF6B56007F28F3 /* PageView.swift */ = {isa = PBXFileReference; lastKnownFileType = sourcecode.swift; path = PageView.swift; sourceTree = "<group>"; };
		43D19E7827CF863E007F28F3 /* PageControl.swift */ = {isa = PBXFileReference; lastKnownFileType = sourcecode.swift; path = PageControl.swift; sourceTree = "<group>"; };
		43E5385127C7B82300B3A1A8 /* RotatedBadgeSymbol.swift */ = {isa = PBXFileReference; lastKnownFileType = sourcecode.swift; path = RotatedBadgeSymbol.swift; sourceTree = "<group>"; };
		43E5385427C7BB4F00B3A1A8 /* Badge.swift */ = {isa = PBXFileReference; lastKnownFileType = sourcecode.swift; path = Badge.swift; sourceTree = "<group>"; };
		43E5385627C7C79300B3A1A8 /* hikeData.json */ = {isa = PBXFileReference; fileEncoding = 4; lastKnownFileType = text.json; path = hikeData.json; sourceTree = "<group>"; };
		43E5385827C7C81D00B3A1A8 /* Hike.swift */ = {isa = PBXFileReference; lastKnownFileType = sourcecode.swift; path = Hike.swift; sourceTree = "<group>"; };
		43E5385D27C7CADB00B3A1A8 /* GraphCapsule.swift */ = {isa = PBXFileReference; fileEncoding = 4; lastKnownFileType = sourcecode.swift; path = GraphCapsule.swift; sourceTree = "<group>"; };
		43E5385E27C7CADB00B3A1A8 /* HikeGraph.swift */ = {isa = PBXFileReference; fileEncoding = 4; lastKnownFileType = sourcecode.swift; path = HikeGraph.swift; sourceTree = "<group>"; };
		43E5385F27C7CADB00B3A1A8 /* HikeDetail.swift */ = {isa = PBXFileReference; fileEncoding = 4; lastKnownFileType = sourcecode.swift; path = HikeDetail.swift; sourceTree = "<group>"; };
		43E5386027C7CADB00B3A1A8 /* HikeView.swift */ = {isa = PBXFileReference; fileEncoding = 4; lastKnownFileType = sourcecode.swift; path = HikeView.swift; sourceTree = "<group>"; };
		43E5386627C7DE3F00B3A1A8 /* CategoryHome.swift */ = {isa = PBXFileReference; lastKnownFileType = sourcecode.swift; path = CategoryHome.swift; sourceTree = "<group>"; };
		43E5386827C7E29300B3A1A8 /* CategoryRow.swift */ = {isa = PBXFileReference; lastKnownFileType = sourcecode.swift; path = CategoryRow.swift; sourceTree = "<group>"; };
		43EC88EB27CE583000F1135D /* Profile.swift */ = {isa = PBXFileReference; lastKnownFileType = sourcecode.swift; path = Profile.swift; sourceTree = "<group>"; };
		43EC88EE27CE5AE900F1135D /* ProfileHost.swift */ = {isa = PBXFileReference; lastKnownFileType = sourcecode.swift; path = ProfileHost.swift; sourceTree = "<group>"; };
		43EC88F027CE5B7500F1135D /* ProfileSummary.swift */ = {isa = PBXFileReference; lastKnownFileType = sourcecode.swift; path = ProfileSummary.swift; sourceTree = "<group>"; };
		43EC88F227CE5E3F00F1135D /* HikeBadge.swift */ = {isa = PBXFileReference; lastKnownFileType = sourcecode.swift; path = HikeBadge.swift; sourceTree = "<group>"; };
		43EC88F427CE6FDA00F1135D /* ProfileEditor.swift */ = {isa = PBXFileReference; lastKnownFileType = sourcecode.swift; path = ProfileEditor.swift; sourceTree = "<group>"; };
/* End PBXFileReference section */

/* Begin PBXFrameworksBuildPhase section */
		43B9A67327C6450E00AACA6E /* Frameworks */ = {
			isa = PBXFrameworksBuildPhase;
			buildActionMask = 2147483647;
			files = (
			);
			runOnlyForDeploymentPostprocessing = 0;
		};
/* End PBXFrameworksBuildPhase section */

/* Begin PBXGroup section */
		43186FF327CF5EFA004FEBCD /* PageView */ = {
			isa = PBXGroup;
			children = (
				43D19E7627CF6B56007F28F3 /* PageView.swift */,
				43186FF427CF5F1F004FEBCD /* PageViewController.swift */,
				43D19E7827CF863E007F28F3 /* PageControl.swift */,
				43186FF627CF6593004FEBCD /* FeatureCard.swift */,
				4375027127CFA7A9001829C2 /* Navigate.swift */,
			);
			path = PageView;
			sourceTree = "<group>";
		};
		431B1A8C27C67BAA008AECDF /* Views */ = {
			isa = PBXGroup;
			children = (
				43B9A67B27C6450F00AACA6E /* ContentView.swift */,
				43E5385327C7BB2E00B3A1A8 /* Badge */,
				43E5386527C7DE1A00B3A1A8 /* Categories */,
				43350FF027C78E1F006D8024 /* Helpers */,
				43E5385C27C7CADB00B3A1A8 /* Hikes */,
				43350FF127C78E2D006D8024 /* Landmarks */,
				43186FF327CF5EFA004FEBCD /* PageView */,
				43EC88ED27CE5AC600F1135D /* Profiles */,
			);
			path = Views;
			sourceTree = "<group>";
		};
		431B1A8D27C67BD0008AECDF /* Model */ = {
			isa = PBXGroup;
			children = (
				43E5385827C7C81D00B3A1A8 /* Hike.swift */,
				431B1A8827C67763008AECDF /* Landmark.swift */,
				431B1A8A27C679BD008AECDF /* ModelData.swift */,
				43EC88EB27CE583000F1135D /* Profile.swift */,
			);
			path = Model;
			sourceTree = "<group>";
		};
		431B1A8E27C67BEB008AECDF /* Resources */ = {
			isa = PBXGroup;
			children = (
				43E5385627C7C79300B3A1A8 /* hikeData.json */,
				431B1A8627C67740008AECDF /* landmarkData.json */,
			);
			path = Resources;
			sourceTree = "<group>";
		};
		43350FF027C78E1F006D8024 /* Helpers */ = {
			isa = PBXGroup;
			children = (
				431B1A8227C662B8008AECDF /* CircleImage.swift */,
				43350FEE27C78126006D8024 /* FavouriteButton.swift */,
				431B1A8427C664EC008AECDF /* MapView.swift */,
			);
			path = Helpers;
			sourceTree = "<group>";
		};
		43350FF127C78E2D006D8024 /* Landmarks */ = {
			isa = PBXGroup;
			children = (
				431B1A9327C68616008AECDF /* LandmarkDetail.swift */,
				431B1A9127C6840A008AECDF /* LandmarkList.swift */,
				431B1A8F27C68012008AECDF /* LandmarkRow.swift */,
			);
			path = Landmarks;
			sourceTree = "<group>";
		};
		43B9A66D27C6450D00AACA6E = {
			isa = PBXGroup;
			children = (
				43B9A67827C6450E00AACA6E /* Landmarks */,
				43B9A67727C6450E00AACA6E /* Products */,
			);
			sourceTree = "<group>";
		};
		43B9A67727C6450E00AACA6E /* Products */ = {
			isa = PBXGroup;
			children = (
				43B9A67627C6450E00AACA6E /* Landmarks.app */,
			);
			name = Products;
			sourceTree = "<group>";
		};
		43B9A67827C6450E00AACA6E /* Landmarks */ = {
			isa = PBXGroup;
			children = (
				43B9A67927C6450E00AACA6E /* LandmarksApp.swift */,
				431B1A8C27C67BAA008AECDF /* Views */,
				431B1A8D27C67BD0008AECDF /* Model */,
				431B1A8E27C67BEB008AECDF /* Resources */,
				43B9A67D27C6452900AACA6E /* Assets.xcassets */,
				43B9A67F27C6452900AACA6E /* Preview Content */,
			);
			path = Landmarks;
			sourceTree = "<group>";
		};
		43B9A67F27C6452900AACA6E /* Preview Content */ = {
			isa = PBXGroup;
			children = (
				43B9A68027C6452900AACA6E /* Preview Assets.xcassets */,
			);
			path = "Preview Content";
			sourceTree = "<group>";
		};
		43E5385327C7BB2E00B3A1A8 /* Badge */ = {
			isa = PBXGroup;
			children = (
				43E5385427C7BB4F00B3A1A8 /* Badge.swift */,
				43350FF427C798B2006D8024 /* BadgeBackground.swift */,
				43350FF627C7B09C006D8024 /* BadgeSymbol.swift */,
				43E5385127C7B82300B3A1A8 /* RotatedBadgeSymbol.swift */,
				43350FF227C795D7006D8024 /* HexagonParameters.swift */,
			);
			path = Badge;
			sourceTree = "<group>";
		};
		43E5385C27C7CADB00B3A1A8 /* Hikes */ = {
			isa = PBXGroup;
			children = (
				43E5385D27C7CADB00B3A1A8 /* GraphCapsule.swift */,
				43EC88F227CE5E3F00F1135D /* HikeBadge.swift */,
				43E5385F27C7CADB00B3A1A8 /* HikeDetail.swift */,
				43E5385E27C7CADB00B3A1A8 /* HikeGraph.swift */,
				43E5386027C7CADB00B3A1A8 /* HikeView.swift */,
			);
			path = Hikes;
			sourceTree = "<group>";
		};
		43E5386527C7DE1A00B3A1A8 /* Categories */ = {
			isa = PBXGroup;
			children = (
				43E5386627C7DE3F00B3A1A8 /* CategoryHome.swift */,
				437ACEFB27CE0CF6006EA767 /* CategoryItem.swift */,
				43E5386827C7E29300B3A1A8 /* CategoryRow.swift */,
			);
			path = Categories;
			sourceTree = "<group>";
		};
		43EC88ED27CE5AC600F1135D /* Profiles */ = {
			isa = PBXGroup;
			children = (
				43EC88F427CE6FDA00F1135D /* ProfileEditor.swift */,
				43EC88EE27CE5AE900F1135D /* ProfileHost.swift */,
				43EC88F027CE5B7500F1135D /* ProfileSummary.swift */,
			);
			path = Profiles;
			sourceTree = "<group>";
		};
/* End PBXGroup section */

/* Begin PBXNativeTarget section */
		43B9A67527C6450E00AACA6E /* Landmarks */ = {
			isa = PBXNativeTarget;
			buildConfigurationList = 43B9A68427C6452900AACA6E /* Build configuration list for PBXNativeTarget "Landmarks" */;
			buildPhases = (
				43B9A67227C6450E00AACA6E /* Sources */,
				43B9A67327C6450E00AACA6E /* Frameworks */,
				43B9A67427C6450E00AACA6E /* Resources */,
			);
			buildRules = (
			);
			dependencies = (
			);
			name = Landmarks;
			productName = Landmarks;
			productReference = 43B9A67627C6450E00AACA6E /* Landmarks.app */;
			productType = "com.apple.product-type.application";
		};
/* End PBXNativeTarget section */

/* Begin PBXProject section */
		43B9A66E27C6450D00AACA6E /* Project object */ = {
			isa = PBXProject;
			attributes = {
				BuildIndependentTargetsInParallel = 1;
				LastSwiftUpdateCheck = 1320;
				LastUpgradeCheck = 1320;
				TargetAttributes = {
					43B9A67527C6450E00AACA6E = {
						CreatedOnToolsVersion = 13.2.1;
					};
				};
			};
			buildConfigurationList = 43B9A67127C6450D00AACA6E /* Build configuration list for PBXProject "Landmarks" */;
			compatibilityVersion = "Xcode 13.0";
			developmentRegion = en;
			hasScannedForEncodings = 0;
			knownRegions = (
				en,
				Base,
			);
			mainGroup = 43B9A66D27C6450D00AACA6E;
			productRefGroup = 43B9A67727C6450E00AACA6E /* Products */;
			projectDirPath = "";
			projectRoot = "";
			targets = (
				43B9A67527C6450E00AACA6E /* Landmarks */,
			);
		};
/* End PBXProject section */

/* Begin PBXResourcesBuildPhase section */
		43B9A67427C6450E00AACA6E /* Resources */ = {
			isa = PBXResourcesBuildPhase;
			buildActionMask = 2147483647;
			files = (
				43E5385727C7C79300B3A1A8 /* hikeData.json in Resources */,
				43B9A68127C6452900AACA6E /* Preview Assets.xcassets in Resources */,
				43B9A67E27C6452900AACA6E /* Assets.xcassets in Resources */,
				431B1A8727C67740008AECDF /* landmarkData.json in Resources */,
			);
			runOnlyForDeploymentPostprocessing = 0;
		};
/* End PBXResourcesBuildPhase section */

/* Begin PBXSourcesBuildPhase section */
		43B9A67227C6450E00AACA6E /* Sources */ = {
			isa = PBXSourcesBuildPhase;
			buildActionMask = 2147483647;
			files = (
				43E5386927C7E29300B3A1A8 /* CategoryRow.swift in Sources */,
				43EC88EC27CE583000F1135D /* Profile.swift in Sources */,
				43B9A67C27C6450F00AACA6E /* ContentView.swift in Sources */,
				43E5386727C7DE3F00B3A1A8 /* CategoryHome.swift in Sources */,
				43186FF727CF6593004FEBCD /* FeatureCard.swift in Sources */,
				43E5386227C7CADB00B3A1A8 /* HikeGraph.swift in Sources */,
				43E5385527C7BB4F00B3A1A8 /* Badge.swift in Sources */,
				431B1A8527C664EC008AECDF /* MapView.swift in Sources */,
				43E5386127C7CADB00B3A1A8 /* GraphCapsule.swift in Sources */,
				43B9A67A27C6450F00AACA6E /* LandmarksApp.swift in Sources */,
				43D19E7927CF863E007F28F3 /* PageControl.swift in Sources */,
				431B1A9227C6840A008AECDF /* LandmarkList.swift in Sources */,
				437ACEFC27CE0CF6006EA767 /* CategoryItem.swift in Sources */,
				43E5386327C7CADB00B3A1A8 /* HikeDetail.swift in Sources */,
				43EC88F127CE5B7500F1135D /* ProfileSummary.swift in Sources */,
				43350FF327C795D7006D8024 /* HexagonParameters.swift in Sources */,
				43EC88EF27CE5AE900F1135D /* ProfileHost.swift in Sources */,
				43E5385927C7C81D00B3A1A8 /* Hike.swift in Sources */,
				4375027227CFA7A9001829C2 /* Navigate.swift in Sources */,
				43E5385227C7B82300B3A1A8 /* RotatedBadgeSymbol.swift in Sources */,
				43D19E7727CF6B56007F28F3 /* PageView.swift in Sources */,
				43350FF727C7B09C006D8024 /* BadgeSymbol.swift in Sources */,
				43EC88F527CE6FDA00F1135D /* ProfileEditor.swift in Sources */,
				431B1A9427C68616008AECDF /* LandmarkDetail.swift in Sources */,
				43E5386427C7CADB00B3A1A8 /* HikeView.swift in Sources */,
				43350FEF27C78126006D8024 /* FavouriteButton.swift in Sources */,
				43186FF527CF5F1F004FEBCD /* PageViewController.swift in Sources */,
				43350FF527C798B2006D8024 /* BadgeBackground.swift in Sources */,
				43EC88F327CE5E3F00F1135D /* HikeBadge.swift in Sources */,
				431B1A8327C662B8008AECDF /* CircleImage.swift in Sources */,
				431B1A8927C67763008AECDF /* Landmark.swift in Sources */,
				431B1A9027C68012008AECDF /* LandmarkRow.swift in Sources */,
				431B1A8B27C679BD008AECDF /* ModelData.swift in Sources */,
			);
			runOnlyForDeploymentPostprocessing = 0;
		};
/* End PBXSourcesBuildPhase section */

/* Begin XCBuildConfiguration section */
		43B9A68227C6452900AACA6E /* Debug */ = {
			isa = XCBuildConfiguration;
			buildSettings = {
				ALWAYS_SEARCH_USER_PATHS = NO;
				CLANG_ANALYZER_NONNULL = YES;
				CLANG_ANALYZER_NUMBER_OBJECT_CONVERSION = YES_AGGRESSIVE;
				CLANG_CXX_LANGUAGE_STANDARD = "gnu++17";
				CLANG_CXX_LIBRARY = "libc++";
				CLANG_ENABLE_MODULES = YES;
				CLANG_ENABLE_OBJC_ARC = YES;
				CLANG_ENABLE_OBJC_WEAK = YES;
				CLANG_WARN_BLOCK_CAPTURE_AUTORELEASING = YES;
				CLANG_WARN_BOOL_CONVERSION = YES;
				CLANG_WARN_COMMA = YES;
				CLANG_WARN_CONSTANT_CONVERSION = YES;
				CLANG_WARN_DEPRECATED_OBJC_IMPLEMENTATIONS = YES;
				CLANG_WARN_DIRECT_OBJC_ISA_USAGE = YES_ERROR;
				CLANG_WARN_DOCUMENTATION_COMMENTS = YES;
				CLANG_WARN_EMPTY_BODY = YES;
				CLANG_WARN_ENUM_CONVERSION = YES;
				CLANG_WARN_INFINITE_RECURSION = YES;
				CLANG_WARN_INT_CONVERSION = YES;
				CLANG_WARN_NON_LITERAL_NULL_CONVERSION = YES;
				CLANG_WARN_OBJC_IMPLICIT_RETAIN_SELF = YES;
				CLANG_WARN_OBJC_LITERAL_CONVERSION = YES;
				CLANG_WARN_OBJC_ROOT_CLASS = YES_ERROR;
				CLANG_WARN_QUOTED_INCLUDE_IN_FRAMEWORK_HEADER = YES;
				CLANG_WARN_RANGE_LOOP_ANALYSIS = YES;
				CLANG_WARN_STRICT_PROTOTYPES = YES;
				CLANG_WARN_SUSPICIOUS_MOVE = YES;
				CLANG_WARN_UNGUARDED_AVAILABILITY = YES_AGGRESSIVE;
				CLANG_WARN_UNREACHABLE_CODE = YES;
				CLANG_WARN__DUPLICATE_METHOD_MATCH = YES;
				COPY_PHASE_STRIP = NO;
				DEBUG_INFORMATION_FORMAT = dwarf;
				ENABLE_STRICT_OBJC_MSGSEND = YES;
				ENABLE_TESTABILITY = YES;
				GCC_C_LANGUAGE_STANDARD = gnu11;
				GCC_DYNAMIC_NO_PIC = NO;
				GCC_NO_COMMON_BLOCKS = YES;
				GCC_OPTIMIZATION_LEVEL = 0;
				GCC_PREPROCESSOR_DEFINITIONS = (
					"DEBUG=1",
					"$(inherited)",
				);
				GCC_WARN_64_TO_32_BIT_CONVERSION = YES;
				GCC_WARN_ABOUT_RETURN_TYPE = YES_ERROR;
				GCC_WARN_UNDECLARED_SELECTOR = YES;
				GCC_WARN_UNINITIALIZED_AUTOS = YES_AGGRESSIVE;
				GCC_WARN_UNUSED_FUNCTION = YES;
				GCC_WARN_UNUSED_VARIABLE = YES;
				IPHONEOS_DEPLOYMENT_TARGET = 15.2;
				MTL_ENABLE_DEBUG_INFO = INCLUDE_SOURCE;
				MTL_FAST_MATH = YES;
				ONLY_ACTIVE_ARCH = YES;
				SDKROOT = iphoneos;
				SWIFT_ACTIVE_COMPILATION_CONDITIONS = DEBUG;
				SWIFT_OPTIMIZATION_LEVEL = "-Onone";
			};
			name = Debug;
		};
		43B9A68327C6452900AACA6E /* Release */ = {
			isa = XCBuildConfiguration;
			buildSettings = {
				ALWAYS_SEARCH_USER_PATHS = NO;
				CLANG_ANALYZER_NONNULL = YES;
				CLANG_ANALYZER_NUMBER_OBJECT_CONVERSION = YES_AGGRESSIVE;
				CLANG_CXX_LANGUAGE_STANDARD = "gnu++17";
				CLANG_CXX_LIBRARY = "libc++";
				CLANG_ENABLE_MODULES = YES;
				CLANG_ENABLE_OBJC_ARC = YES;
				CLANG_ENABLE_OBJC_WEAK = YES;
				CLANG_WARN_BLOCK_CAPTURE_AUTORELEASING = YES;
				CLANG_WARN_BOOL_CONVERSION = YES;
				CLANG_WARN_COMMA = YES;
				CLANG_WARN_CONSTANT_CONVERSION = YES;
				CLANG_WARN_DEPRECATED_OBJC_IMPLEMENTATIONS = YES;
				CLANG_WARN_DIRECT_OBJC_ISA_USAGE = YES_ERROR;
				CLANG_WARN_DOCUMENTATION_COMMENTS = YES;
				CLANG_WARN_EMPTY_BODY = YES;
				CLANG_WARN_ENUM_CONVERSION = YES;
				CLANG_WARN_INFINITE_RECURSION = YES;
				CLANG_WARN_INT_CONVERSION = YES;
				CLANG_WARN_NON_LITERAL_NULL_CONVERSION = YES;
				CLANG_WARN_OBJC_IMPLICIT_RETAIN_SELF = YES;
				CLANG_WARN_OBJC_LITERAL_CONVERSION = YES;
				CLANG_WARN_OBJC_ROOT_CLASS = YES_ERROR;
				CLANG_WARN_QUOTED_INCLUDE_IN_FRAMEWORK_HEADER = YES;
				CLANG_WARN_RANGE_LOOP_ANALYSIS = YES;
				CLANG_WARN_STRICT_PROTOTYPES = YES;
				CLANG_WARN_SUSPICIOUS_MOVE = YES;
				CLANG_WARN_UNGUARDED_AVAILABILITY = YES_AGGRESSIVE;
				CLANG_WARN_UNREACHABLE_CODE = YES;
				CLANG_WARN__DUPLICATE_METHOD_MATCH = YES;
				COPY_PHASE_STRIP = NO;
				DEBUG_INFORMATION_FORMAT = "dwarf-with-dsym";
				ENABLE_NS_ASSERTIONS = NO;
				ENABLE_STRICT_OBJC_MSGSEND = YES;
				GCC_C_LANGUAGE_STANDARD = gnu11;
				GCC_NO_COMMON_BLOCKS = YES;
				GCC_WARN_64_TO_32_BIT_CONVERSION = YES;
				GCC_WARN_ABOUT_RETURN_TYPE = YES_ERROR;
				GCC_WARN_UNDECLARED_SELECTOR = YES;
				GCC_WARN_UNINITIALIZED_AUTOS = YES_AGGRESSIVE;
				GCC_WARN_UNUSED_FUNCTION = YES;
				GCC_WARN_UNUSED_VARIABLE = YES;
				IPHONEOS_DEPLOYMENT_TARGET = 15.2;
				MTL_ENABLE_DEBUG_INFO = NO;
				MTL_FAST_MATH = YES;
				SDKROOT = iphoneos;
				SWIFT_COMPILATION_MODE = wholemodule;
				SWIFT_OPTIMIZATION_LEVEL = "-O";
				VALIDATE_PRODUCT = YES;
			};
			name = Release;
		};
		43B9A68527C6452900AACA6E /* Debug */ = {
			isa = XCBuildConfiguration;
			buildSettings = {
				ASSETCATALOG_COMPILER_APPICON_NAME = AppIcon;
				ASSETCATALOG_COMPILER_GLOBAL_ACCENT_COLOR_NAME = AccentColor;
				CODE_SIGN_STYLE = Automatic;
				CURRENT_PROJECT_VERSION = 1;
				DEVELOPMENT_ASSET_PATHS = "\"Landmarks/Preview Content\"";
				DEVELOPMENT_TEAM = "";
				ENABLE_PREVIEWS = YES;
				GENERATE_INFOPLIST_FILE = YES;
				INFOPLIST_KEY_UIApplicationSceneManifest_Generation = YES;
				INFOPLIST_KEY_UIApplicationSupportsIndirectInputEvents = YES;
				INFOPLIST_KEY_UILaunchScreen_Generation = YES;
				INFOPLIST_KEY_UISupportedInterfaceOrientations_iPad = "UIInterfaceOrientationPortrait UIInterfaceOrientationPortraitUpsideDown UIInterfaceOrientationLandscapeLeft UIInterfaceOrientationLandscapeRight";
				INFOPLIST_KEY_UISupportedInterfaceOrientations_iPhone = "UIInterfaceOrientationPortrait UIInterfaceOrientationLandscapeLeft UIInterfaceOrientationLandscapeRight";
				LD_RUNPATH_SEARCH_PATHS = (
					"$(inherited)",
					"@executable_path/Frameworks",
				);
				MARKETING_VERSION = 1.0;
				PRODUCT_BUNDLE_IDENTIFIER = Landmarks;
				PRODUCT_NAME = "$(TARGET_NAME)";
				SWIFT_EMIT_LOC_STRINGS = YES;
				SWIFT_VERSION = 5.0;
				TARGETED_DEVICE_FAMILY = "1,2";
			};
			name = Debug;
		};
		43B9A68627C6452900AACA6E /* Release */ = {
			isa = XCBuildConfiguration;
			buildSettings = {
				ASSETCATALOG_COMPILER_APPICON_NAME = AppIcon;
				ASSETCATALOG_COMPILER_GLOBAL_ACCENT_COLOR_NAME = AccentColor;
				CODE_SIGN_STYLE = Automatic;
				CURRENT_PROJECT_VERSION = 1;
				DEVELOPMENT_ASSET_PATHS = "\"Landmarks/Preview Content\"";
				DEVELOPMENT_TEAM = "";
				ENABLE_PREVIEWS = YES;
				GENERATE_INFOPLIST_FILE = YES;
				INFOPLIST_KEY_UIApplicationSceneManifest_Generation = YES;
				INFOPLIST_KEY_UIApplicationSupportsIndirectInputEvents = YES;
				INFOPLIST_KEY_UILaunchScreen_Generation = YES;
				INFOPLIST_KEY_UISupportedInterfaceOrientations_iPad = "UIInterfaceOrientationPortrait UIInterfaceOrientationPortraitUpsideDown UIInterfaceOrientationLandscapeLeft UIInterfaceOrientationLandscapeRight";
				INFOPLIST_KEY_UISupportedInterfaceOrientations_iPhone = "UIInterfaceOrientationPortrait UIInterfaceOrientationLandscapeLeft UIInterfaceOrientationLandscapeRight";
				LD_RUNPATH_SEARCH_PATHS = (
					"$(inherited)",
					"@executable_path/Frameworks",
				);
				MARKETING_VERSION = 1.0;
				PRODUCT_BUNDLE_IDENTIFIER = Landmarks;
				PRODUCT_NAME = "$(TARGET_NAME)";
				SWIFT_EMIT_LOC_STRINGS = YES;
				SWIFT_VERSION = 5.0;
				TARGETED_DEVICE_FAMILY = "1,2";
			};
			name = Release;
		};
/* End XCBuildConfiguration section */

/* Begin XCConfigurationList section */
		43B9A67127C6450D00AACA6E /* Build configuration list for PBXProject "Landmarks" */ = {
			isa = XCConfigurationList;
			buildConfigurations = (
				43B9A68227C6452900AACA6E /* Debug */,
				43B9A68327C6452900AACA6E /* Release */,
			);
			defaultConfigurationIsVisible = 0;
			defaultConfigurationName = Release;
		};
		43B9A68427C6452900AACA6E /* Build configuration list for PBXNativeTarget "Landmarks" */ = {
			isa = XCConfigurationList;
			buildConfigurations = (
				43B9A68527C6452900AACA6E /* Debug */,
				43B9A68627C6452900AACA6E /* Release */,
			);
			defaultConfigurationIsVisible = 0;
			defaultConfigurationName = Release;
		};
/* End XCConfigurationList section */
	};
	rootObject = 43B9A66E27C6450D00AACA6E /* Project object */;
}
